
Microsoft Visual Studio Solution File, Format Version 12.00
# Visual Studio 15
VisualStudioVersion = 15.0.28307.852
MinimumVisualStudioVersion = 10.0.40219.1
Project("{FAE04EC0-301F-11D3-BF4B-00C04F79EFBC}") = "RobotSpidersApp", "RobotSpidersApp\RobotSpidersApp.csproj", "{9A24BC6C-9200-4F2F-94AF-944C85101BDE}"
EndProject
Project("{FAE04EC0-301F-11D3-BF4B-00C04F79EFBC}") = "RobotSpidersApp.Tests", "RobertSpidersApp.Tests\RobotSpidersApp.Tests.csproj", "{8EDF4429-251A-416D-BB68-93F227191BCF}"
EndProject
Project("{FAE04EC0-301F-11D3-BF4B-00C04F79EFBC}") = "RobotSpidersApp.Services", "RobotSpidersApp.Services\RobotSpidersApp.Services.csproj", "{233121F4-22F5-444E-A45A-C3C122140329}"
EndProject
Global
	GlobalSection(SolutionConfigurationPlatforms) = preSolution
		Debug|Any CPU = Debug|Any CPU
		Release|Any CPU = Release|Any CPU
	EndGlobalSection
	GlobalSection(ProjectConfigurationPlatforms) = postSolution
		{9A24BC6C-9200-4F2F-94AF-944C85101BDE}.Debug|Any CPU.ActiveCfg = Debug|Any CPU
		{9A24BC6C-9200-4F2F-94AF-944C85101BDE}.Debug|Any CPU.Build.0 = Debug|Any CPU
		{9A24BC6C-9200-4F2F-94AF-944C85101BDE}.Release|Any CPU.ActiveCfg = Release|Any CPU
		{9A24BC6C-9200-4F2F-94AF-944C85101BDE}.Release|Any CPU.Build.0 = Release|Any CPU
		{8EDF4429-251A-416D-BB68-93F227191BCF}.Debug|Any CPU.ActiveCfg = Debug|Any CPU
		{8EDF4429-251A-416D-BB68-93F227191BCF}.Debug|Any CPU.Build.0 = Debug|Any CPU
		{8EDF4429-251A-416D-BB68-93F227191BCF}.Release|Any CPU.ActiveCfg = Release|Any CPU
		{8EDF4429-251A-416D-BB68-93F227191BCF}.Release|Any CPU.Build.0 = Release|Any CPU
		{233121F4-22F5-444E-A45A-C3C122140329}.Debug|Any CPU.ActiveCfg = Debug|Any CPU
		{233121F4-22F5-444E-A45A-C3C122140329}.Debug|Any CPU.Build.0 = Debug|Any CPU
		{233121F4-22F5-444E-A45A-C3C122140329}.Release|Any CPU.ActiveCfg = Release|Any CPU
		{233121F4-22F5-444E-A45A-C3C122140329}.Release|Any CPU.Build.0 = Release|Any CPU
	EndGlobalSection
	GlobalSection(SolutionProperties) = preSolution
		HideSolutionNode = FALSE
	EndGlobalSection
	GlobalSection(ExtensibilityGlobals) = postSolution
		SolutionGuid = {1FB040E5-0C57-4D88-BAA2-1D58BBA394AB}
	EndGlobalSection
EndGlobal
